dependencies:
- name: mariadb
  repository: oci://registry-1.docker.io/cloudpirates
  version: 0.14.3
- name: valkey
  repository: oci://registry-1.docker.io/cloudpirates
  version: 0.25.8
digest: sha256:1b2aec0a37e7e011adabc85a1416015529224eb3a2eed02ea93bdc64a7d23d97
generated: "2026-08-31T16:09:18.481038743Z"
