dependencies:
- name: mariadb
  repository: oci://registry-1.docker.io/cloudpirates
  version: 0.5.0
- name: valkey
  repository: oci://registry-1.docker.io/cloudpirates
  version: 0.5.1
digest: sha256:950555e8e436a38eba31832c3191fa78fef76bf7c1279caed27a2de538ce0073
generated: "2025-10-14T14:25:07.045548429Z"
